// !$*UTF8*$!
{
	archiveVersion = 1;
	classes = {
	};
	objectVersion = 50;
	objects = {

/* Begin PBXBuildFile section */
		CEC8E5CC20A33FF40067BC01 /* AppDelegate.swift in Sources */ = {isa = PBXBuildFile; fileRef = CEC8E5CB20A33FF40067BC01 /* AppDelegate.swift */; };
		CEC8E5CE20A33FF40067BC01 /* ViewController.swift in Sources */ = {isa = PBXBuildFile; fileRef = CEC8E5CD20A33FF40067BC01 /* ViewController.swift */; };
		CEC8E5D020A33FF50067BC01 /* Assets.xcassets in Resources */ = {isa = PBXBuildFile; fileRef = CEC8E5CF20A33FF50067BC01 /* Assets.xcassets */; };
		CEC8E5D320A33FF50067BC01 /* Main.storyboard in Resources */ = {isa = PBXBuildFile; fileRef = CEC8E5D120A33FF50067BC01 /* Main.storyboard */; };
		CEC8E5DC20A340180067BC01 /* CustomView.swift in Sources */ = {isa = PBXBuildFile; fileRef = CEC8E5DB20A340180067BC01 /* CustomView.swift */; };
/* End PBXBuildFile section */

/* Begin PBXFileReference section */
		CEC8E5C820A33FF40067BC01 /* BezierSample.app */ = {isa = PBXFileReference; explicitFileType = wrapper.application; includeInIndex = 0; path = BezierSample.app; sourceTree = BUILT_PRODUCTS_DIR; };
		CEC8E5CB20A33FF40067BC01 /* AppDelegate.swift */ = {isa = PBXFileReference; lastKnownFileType = sourcecode.swift; path = AppDelegate.swift; sourceTree = "<group>"; };
		CEC8E5CD20A33FF40067BC01 /* ViewController.swift */ = {isa = PBXFileReference; lastKnownFileType = sourcecode.swift; path = ViewController.swift; sourceTree = "<group>"; };
		CEC8E5CF20A33FF50067BC01 /* Assets.xcassets */ = {isa = PBXFileReference; lastKnownFileType = folder.assetcatalog; path = Assets.xcassets; sourceTree = "<group>"; };
		CEC8E5D220A33FF50067BC01 /* Base */ = {isa = PBXFileReference; lastKnownFileType = file.storyboard; name = Base; path = Base.lproj/Main.storyboard; sourceTree = "<group>"; };
		CEC8E5D420A33FF50067BC01 /* Info.plist */ = {isa = PBXFileReference; lastKnownFileType = text.plist.xml; path = Info.plist; sourceTree = "<group>"; };
		CEC8E5D520A33FF50067BC01 /* BezierSample.entitlements */ = {isa = PBXFileReference; lastKnownFileType = text.plist.entitlements; path = BezierSample.entitlements; sourceTree = "<group>"; };
		CEC8E5DB20A340180067BC01 /* CustomView.swift */ = {isa = PBXFileReference; lastKnownFileType = sourcecode.swift; path = CustomView.swift; sourceTree = "<group>"; };
/* End PBXFileReference section */

/* Begin PBXFrameworksBuildPhase section */
		CEC8E5C520A33FF40067BC01 /* Frameworks */ = {
			isa = PBXFrameworksBuildPhase;
			buildActionMask = 2147483647;
			files = (
			);
			runOnlyForDeploymentPostprocessing = 0;
		};
/* End PBXFrameworksBuildPhase section */

/* Begin PBXGroup section */
		CEC8E5BF20A33FF30067BC01 = {
			isa = PBXGroup;
			children = (
				CEC8E5CA20A33FF40067BC01 /* BezierSample */,
				CEC8E5C920A33FF40067BC01 /* Products */,
			);
			sourceTree = "<group>";
		};
		CEC8E5C920A33FF40067BC01 /* Products */ = {
			isa = PBXGroup;
			children = (
				CEC8E5C820A33FF40067BC01 /* BezierSample.app */,
			);
			name = Products;
			sourceTree = "<group>";
		};
		CEC8E5CA20A33FF40067BC01 /* BezierSample */ = {
			isa = PBXGroup;
			children = (
				CEC8E5CB20A33FF40067BC01 /* AppDelegate.swift */,
				CEC8E5CD20A33FF40067BC01 /* ViewController.swift */,
				CEC8E5DB20A340180067BC01 /* CustomView.swift */,
				CEC8E5CF20A33FF50067BC01 /* Assets.xcassets */,
				CEC8E5D120A33FF50067BC01 /* Main.storyboard */,
				CEC8E5D420A33FF50067BC01 /* Info.plist */,
				CEC8E5D520A33FF50067BC01 /* BezierSample.entitlements */,
			);
			path = BezierSample;
			sourceTree = "<group>";
		};
/* End PBXGroup section */

/* Begin PBXNativeTarget section */
		CEC8E5C720A33FF40067BC01 /* BezierSample */ = {
			isa = PBXNativeTarget;
			buildConfigurationList = CEC8E5D820A33FF50067BC01 /* Build configuration list for PBXNativeTarget "BezierSample" */;
			buildPhases = (
				CEC8E5C420A33FF40067BC01 /* Sources */,
				CEC8E5C520A33FF40067BC01 /* Frameworks */,
				CEC8E5C620A33FF40067BC01 /* Resources */,
			);
			buildRules = (
			);
			dependencies = (
			);
			name = BezierSample;
			productName = BezierSample;
			productReference = CEC8E5C820A33FF40067BC01 /* BezierSample.app */;
			productType = "com.apple.product-type.application";
		};
/* End PBXNativeTarget section */

/* Begin PBXProject section */
		CEC8E5C020A33FF30067BC01 /* Project object */ = {
			isa = PBXProject;
			attributes = {
				LastSwiftUpdateCheck = 0940;
				LastUpgradeCheck = 0940;
				ORGANIZATIONNAME = ing.conti;
				TargetAttributes = {
					CEC8E5C720A33FF40067BC01 = {
						CreatedOnToolsVersion = 9.4;
					};
				};
			};
			buildConfigurationList = CEC8E5C320A33FF30067BC01 /* Build configuration list for PBXProject "BezierSample" */;
			compatibilityVersion = "Xcode 9.3";
			developmentRegion = en;
			hasScannedForEncodings = 0;
			knownRegions = (
				en,
				Base,
			);
			mainGroup = CEC8E5BF20A33FF30067BC01;
			productRefGroup = CEC8E5C920A33FF40067BC01 /* Products */;
			projectDirPath = "";
			projectRoot = "";
			targets = (
				CEC8E5C720A33FF40067BC01 /* BezierSample */,
			);
		};
/* End PBXProject section */

/* Begin PBXResourcesBuildPhase section */
		CEC8E5C620A33FF40067BC01 /* Resources */ = {
			isa = PBXResourcesBuildPhase;
			buildActionMask = 2147483647;
			files = (
				CEC8E5D020A33FF50067BC01 /* Assets.xcassets in Resources */,
				CEC8E5D320A33FF50067BC01 /* Main.storyboard in Resources */,
			);
			runOnlyForDeploymentPostprocessing = 0;
		};
/* End PBXResourcesBuildPhase section */

/* Begin PBXSourcesBuildPhase section */
		CEC8E5C420A33FF40067BC01 /* Sources */ = {
			isa = PBXSourcesBuildPhase;
			buildActionMask = 2147483647;
			files = (
				CEC8E5DC20A340180067BC01 /* CustomView.swift in Sources */,
				CEC8E5CE20A33FF40067BC01 /* ViewController.swift in Sources */,
				CEC8E5CC20A33FF40067BC01 /* AppDelegate.swift in Sources */,
			);
			runOnlyForDeploymentPostprocessing = 0;
		};
/* End PBXSourcesBuildPhase section */

/* Begin PBXVariantGroup section */
		CEC8E5D120A33FF50067BC01 /* Main.storyboard */ = {
			isa = PBXVariantGroup;
			children = (
				CEC8E5D220A33FF50067BC01 /* Base */,
			);
			name = Main.storyboard;
			sourceTree = "<group>";
		};
/* End PBXVariantGroup section */

/* Begin XCBuildConfiguration section */
		CEC8E5D620A33FF50067BC01 /* Debug */ = {
			isa = XCBuildConfiguration;
			buildSettings = {
				ALWAYS_SEARCH_USER_PATHS = NO;
				CLANG_ANALYZER_NONNULL = YES;
				CLANG_ANALYZER_NUMBER_OBJECT_CONVERSION = YES_AGGRESSIVE;
				CLANG_CXX_LANGUAGE_STANDARD = "gnu++14";
				CLANG_CXX_LIBRARY = "libc++";
				CLANG_ENABLE_MODULES = YES;
				CLANG_ENABLE_OBJC_ARC = YES;
				CLANG_ENABLE_OBJC_WEAK = YES;
				CLANG_WARN_BLOCK_CAPTURE_AUTORELEASING = YES;
				CLANG_WARN_BOOL_CONVERSION = YES;
				CLANG_WARN_COMMA = YES;
				CLANG_WARN_CONSTANT_CONVERSION = YES;
				CLANG_WARN_DEPRECATED_OBJC_IMPLEMENTATIONS = YES;
				CLANG_WARN_DIRECT_OBJC_ISA_USAGE = YES_ERROR;
				CLANG_WARN_DOCUMENTATION_COMMENTS = YES;
				CLANG_WARN_EMPTY_BODY = YES;
				CLANG_WARN_ENUM_CONVERSION = YES;
				CLANG_WARN_INFINITE_RECURSION = YES;
				CLANG_WARN_INT_CONVERSION = YES;
				CLANG_WARN_NON_LITERAL_NULL_CONVERSION = YES;
				CLANG_WARN_OBJC_IMPLICIT_RETAIN_SELF = YES;
				CLANG_WARN_OBJC_LITERAL_CONVERSION = YES;
				CLANG_WARN_OBJC_ROOT_CLASS = YES_ERROR;
				CLANG_WARN_RANGE_LOOP_ANALYSIS = YES;
				CLANG_WARN_STRICT_PROTOTYPES = YES;
				CLANG_WARN_SUSPICIOUS_MOVE = YES;
				CLANG_WARN_UNGUARDED_AVAILABILITY = YES_AGGRESSIVE;
				CLANG_WARN_UNREACHABLE_CODE = YES;
				CLANG_WARN__DUPLICATE_METHOD_MATCH = YES;
				CODE_SIGN_IDENTITY = "Mac Developer";
				COPY_PHASE_STRIP = NO;
				DEBUG_INFORMATION_FORMAT = dwarf;
				ENABLE_STRICT_OBJC_MSGSEND = YES;
				ENABLE_TESTABILITY = YES;
				GCC_C_LANGUAGE_STANDARD = gnu11;
				GCC_DYNAMIC_NO_PIC = NO;
				GCC_NO_COMMON_BLOCKS = YES;
				GCC_OPTIMIZATION_LEVEL = 0;
				GCC_PREPROCESSOR_DEFINITIONS = (
					"DEBUG=1",
					"$(inherited)",
				);
				GCC_WARN_64_TO_32_BIT_CONVERSION = YES;
				GCC_WARN_ABOUT_RETURN_TYPE = YES_ERROR;
				GCC_WARN_UNDECLARED_SELECTOR = YES;
				GCC_WARN_UNINITIALIZED_AUTOS = YES_AGGRESSIVE;
				GCC_WARN_UNUSED_FUNCTION = YES;
				GCC_WARN_UNUSED_VARIABLE = YES;
				MACOSX_DEPLOYMENT_TARGET = 10.13;
				MTL_ENABLE_DEBUG_INFO = YES;
				ONLY_ACTIVE_ARCH = YES;
				SDKROOT = macosx;
				SWIFT_ACTIVE_COMPILATION_CONDITIONS = DEBUG;
				SWIFT_OPTIMIZATION_LEVEL = "-Onone";
			};
			name = Debug;
		};
		CEC8E5D720A33FF50067BC01 /* Release */ = {
			isa = XCBuildConfiguration;
			buildSettings = {
				ALWAYS_SEARCH_USER_PATHS = NO;
				CLANG_ANALYZER_NONNULL = YES;
				CLANG_ANALYZER_NUMBER_OBJECT_CONVERSION = YES_AGGRESSIVE;
				CLANG_CXX_LANGUAGE_STANDARD = "gnu++14";
				CLANG_CXX_LIBRARY = "libc++";
				CLANG_ENABLE_MODULES = YES;
				CLANG_ENABLE_OBJC_ARC = YES;
				CLANG_ENABLE_OBJC_WEAK = YES;
				CLANG_WARN_BLOCK_CAPTURE_AUTORELEASING = YES;
				CLANG_WARN_BOOL_CONVERSION = YES;
				CLANG_WARN_COMMA = YES;
				CLANG_WARN_CONSTANT_CONVERSION = YES;
				CLANG_WARN_DEPRECATED_OBJC_IMPLEMENTATIONS = YES;
				CLANG_WARN_DIRECT_OBJC_ISA_USAGE = YES_ERROR;
				CLANG_WARN_DOCUMENTATION_COMMENTS = YES;
				CLANG_WARN_EMPTY_BODY = YES;
				CLANG_WARN_ENUM_CONVERSION = YES;
				CLANG_WARN_INFINITE_RECURSION = YES;
				CLANG_WARN_INT_CONVERSION = YES;
				CLANG_WARN_NON_LITERAL_NULL_CONVERSION = YES;
				CLANG_WARN_OBJC_IMPLICIT_RETAIN_SELF = YES;
				CLANG_WARN_OBJC_LITERAL_CONVERSION = YES;
				CLANG_WARN_OBJC_ROOT_CLASS = YES_ERROR;
				CLANG_WARN_RANGE_LOOP_ANALYSIS = YES;
				CLANG_WARN_STRICT_PROTOTYPES = YES;
				CLANG_WARN_SUSPICIOUS_MOVE = YES;
				CLANG_WARN_UNGUARDED_AVAILABILITY = YES_AGGRESSIVE;
				CLANG_WARN_UNREACHABLE_CODE = YES;
				CLANG_WARN__DUPLICATE_METHOD_MATCH = YES;
				CODE_SIGN_IDENTITY = "Mac Developer";
				COPY_PHASE_STRIP = NO;
				DEBUG_INFORMATION_FORMAT = "dwarf-with-dsym";
				ENABLE_NS_ASSERTIONS = NO;
				ENABLE_STRICT_OBJC_MSGSEND = YES;
				GCC_C_LANGUAGE_STANDARD = gnu11;
				GCC_NO_COMMON_BLOCKS = YES;
				GCC_WARN_64_TO_32_BIT_CONVERSION = YES;
				GCC_WARN_ABOUT_RETURN_TYPE = YES_ERROR;
				GCC_WARN_UNDECLARED_SELECTOR = YES;
				GCC_WARN_UNINITIALIZED_AUTOS = YES_AGGRESSIVE;
				GCC_WARN_UNUSED_FUNCTION = YES;
				GCC_WARN_UNUSED_VARIABLE = YES;
				MACOSX_DEPLOYMENT_TARGET = 10.13;
				MTL_ENABLE_DEBUG_INFO = NO;
				SDKROOT = macosx;
				SWIFT_COMPILATION_MODE = wholemodule;
				SWIFT_OPTIMIZATION_LEVEL = "-O";
			};
			name = Release;
		};
		CEC8E5D920A33FF50067BC01 /* Debug */ = {
			isa = XCBuildConfiguration;
			buildSettings = {
				ASSETCATALOG_COMPILER_APPICON_NAME = AppIcon;
				CODE_SIGN_ENTITLEMENTS = BezierSample/BezierSample.entitlements;
				CODE_SIGN_STYLE = Automatic;
				COMBINE_HIDPI_IMAGES = YES;
				DEVELOPMENT_TEAM = 8X968R3CX3;
				INFOPLIST_FILE = BezierSample/Info.plist;
				LD_RUNPATH_SEARCH_PATHS = (
					"$(inherited)",
					"@executable_path/../Frameworks",
				);
				PRODUCT_BUNDLE_IDENTIFIER = com.ingconti.BezierSample;
				PRODUCT_NAME = "$(TARGET_NAME)";
				SWIFT_VERSION = 4.0;
			};
			name = Debug;
		};
		CEC8E5DA20A33FF50067BC01 /* Release */ = {
			isa = XCBuildConfiguration;
			buildSettings = {
				ASSETCATALOG_COMPILER_APPICON_NAME = AppIcon;
				CODE_SIGN_ENTITLEMENTS = BezierSample/BezierSample.entitlements;
				CODE_SIGN_STYLE = Automatic;
				COMBINE_HIDPI_IMAGES = YES;
				DEVELOPMENT_TEAM = 8X968R3CX3;
				INFOPLIST_FILE = BezierSample/Info.plist;
				LD_RUNPATH_SEARCH_PATHS = (
					"$(inherited)",
					"@executable_path/../Frameworks",
				);
				PRODUCT_BUNDLE_IDENTIFIER = com.ingconti.BezierSample;
				PRODUCT_NAME = "$(TARGET_NAME)";
				SWIFT_VERSION = 4.0;
			};
			name = Release;
		};
/* End XCBuildConfiguration section */

/* Begin XCConfigurationList section */
		CEC8E5C320A33FF30067BC01 /* Build configuration list for PBXProject "BezierSample" */ = {
			isa = XCConfigurationList;
			buildConfigurations = (
				CEC8E5D620A33FF50067BC01 /* Debug */,
				CEC8E5D720A33FF50067BC01 /* Release */,
			);
			defaultConfigurationIsVisible = 0;
			defaultConfigurationName = Release;
		};
		CEC8E5D820A33FF50067BC01 /* Build configuration list for PBXNativeTarget "BezierSample" */ = {
			isa = XCConfigurationList;
			buildConfigurations = (
				CEC8E5D920A33FF50067BC01 /* Debug */,
				CEC8E5DA20A33FF50067BC01 /* Release */,
			);
			defaultConfigurationIsVisible = 0;
			defaultConfigurationName = Release;
		};
/* End XCConfigurationList section */
	};
	rootObject = CEC8E5C020A33FF30067BC01 /* Project object */;
}
